Microsoft Visual Studio Solution File, Format Version 11.00
# Visual Studio 2010
Project("{FAE04EC0-301F-11D3-BF4B-00C04F79EFBC}") = "SilverlightModule", "SilverlightModule\SilverlightModule.csproj", "{9F361B4E-01C4-4E64-9C32-039F7A6993E8}"
EndProject
Project("{FAE04EC0-301F-11D3-BF4B-00C04F79EFBC}") = "WebApplication", "WebApplication\WebApplication.csproj", "{C559F325-68FE-418C-87A7-3973E0E7CABB}"
EndProject
Global
	GlobalSection(SolutionConfigurationPlatforms) = preSolution
		Debug|.NET = Debug|.NET
		Debug|Any CPU = Debug|Any CPU
		Debug|Mixed Platforms = Debug|Mixed Platforms
		Release|.NET = Release|.NET
		Release|Any CPU = Release|Any CPU
		Release|Mixed Platforms = Release|Mixed Platforms
	EndGlobalSection
	GlobalSection(ProjectConfigurationPlatforms) = postSolution
		{9F361B4E-01C4-4E64-9C32-039F7A6993E8}.Debug|.NET.ActiveCfg = Debug|Any CPU
		{9F361B4E-01C4-4E64-9C32-039F7A6993E8}.Debug|Any CPU.ActiveCfg = Debug|Any CPU
		{9F361B4E-01C4-4E64-9C32-039F7A6993E8}.Debug|Any CPU.Build.0 = Debug|Any CPU
		{9F361B4E-01C4-4E64-9C32-039F7A6993E8}.Debug|Mixed Platforms.ActiveCfg = Debug|Any CPU
		{9F361B4E-01C4-4E64-9C32-039F7A6993E8}.Debug|Mixed Platforms.Build.0 = Debug|Any CPU
		{9F361B4E-01C4-4E64-9C32-039F7A6993E8}.Release|.NET.ActiveCfg = Release|Any CPU
		{9F361B4E-01C4-4E64-9C32-039F7A6993E8}.Release|Any CPU.ActiveCfg = Release|Any CPU
		{9F361B4E-01C4-4E64-9C32-039F7A6993E8}.Release|Any CPU.Build.0 = Release|Any CPU
		{9F361B4E-01C4-4E64-9C32-039F7A6993E8}.Release|Mixed Platforms.ActiveCfg = Release|Any CPU
		{9F361B4E-01C4-4E64-9C32-039F7A6993E8}.Release|Mixed Platforms.Build.0 = Release|Any CPU
		{C559F325-68FE-418C-87A7-3973E0E7CABB}.Debug|.NET.ActiveCfg = Debug|Any CPU
		{C559F325-68FE-418C-87A7-3973E0E7CABB}.Debug|Any CPU.ActiveCfg = Debug|Any CPU
		{C559F325-68FE-418C-87A7-3973E0E7CABB}.Debug|Any CPU.Build.0 = Debug|Any CPU
		{C559F325-68FE-418C-87A7-3973E0E7CABB}.Debug|Mixed Platforms.ActiveCfg = Debug|Any CPU
		{C559F325-68FE-418C-87A7-3973E0E7CABB}.Debug|Mixed Platforms.Build.0 = Debug|Any CPU
		{C559F325-68FE-418C-87A7-3973E0E7CABB}.Release|.NET.ActiveCfg = Release|Any CPU
		{C559F325-68FE-418C-87A7-3973E0E7CABB}.Release|Any CPU.ActiveCfg = Release|Any CPU
		{C559F325-68FE-418C-87A7-3973E0E7CABB}.Release|Any CPU.Build.0 = Release|Any CPU
		{C559F325-68FE-418C-87A7-3973E0E7CABB}.Release|Mixed Platforms.ActiveCfg = Release|Any CPU
		{C559F325-68FE-418C-87A7-3973E0E7CABB}.Release|Mixed Platforms.Build.0 = Release|Any CPU
	EndGlobalSection
	GlobalSection(SolutionProperties) = preSolution
		HideSolutionNode = FALSE
	EndGlobalSection
EndGlobal
